
Microsoft Visual Studio Solution File, Format Version 12.00
# Visual Studio Version 16
VisualStudioVersion = 16.0.33027.164
MinimumVisualStudioVersion = 10.0.40219.1
Project("{FAE04EC0-301F-11D3-BF4B-00C04F79EFBC}") = "lab15", "lab15\lab15.csproj", "{D474D5C3-10B5-42BA-A713-FAF4F8D08087}"
EndProject
Global
	GlobalSection(SolutionConfigurationPlatforms) = preSolution
		Debug|Any CPU = Debug|Any CPU
		Release|Any CPU = Release|Any CPU
	EndGlobalSection
	GlobalSection(ProjectConfigurationPlatforms) = postSolution
		{D474D5C3-10B5-42BA-A713-FAF4F8D08087}.Debug|Any CPU.ActiveCfg = Debug|Any CPU
		{D474D5C3-10B5-42BA-A713-FAF4F8D08087}.Debug|Any CPU.Build.0 = Debug|Any CPU
		{D474D5C3-10B5-42BA-A713-FAF4F8D08087}.Release|Any CPU.ActiveCfg = Release|Any CPU
		{D474D5C3-10B5-42BA-A713-FAF4F8D08087}.Release|Any CPU.Build.0 = Release|Any CPU
	EndGlobalSection
	GlobalSection(SolutionProperties) = preSolution
		HideSolutionNode = FALSE
	EndGlobalSection
	GlobalSection(ExtensibilityGlobals) = postSolution
		SolutionGuid = {0AC5C9F3-8714-4DDA-9D7A-FF6CC2FB1C54}
	EndGlobalSection
EndGlobal
